{
  "name": "interactive-shape-recognition",
  "version": "1.0.0",
  "lockfileVersion": 1,
  "requires": true,
  "dependencies": {
    "affine-hull": {
      "version": "1.0.0",
      "resolved": "https://registry.npmjs.org/affine-hull/-/affine-hull-1.0.0.tgz",
      "integrity": "sha1-dj/x040GPOt+Jy8X7k17vK+QXF0=",
      "requires": {
        "robust-orientation": "^1.1.3"
      }
    },
    "area-polygon": {
      "version": "1.0.1",
      "resolved": "https://registry.npmjs.org/area-polygon/-/area-polygon-1.0.1.tgz",
      "integrity": "sha1-gCp1QIOL5Bi4rhzZnB5Mu7ktbRs="
    },
    "bit-twiddle": {
      "version": "1.0.2",
      "resolved": "https://registry.npmjs.org/bit-twiddle/-/bit-twiddle-1.0.2.tgz",
      "integrity": "sha1-DGwfq+KyPRcXPZpht7cJPrnhdp4="
    },
    "convex-hull": {
      "version": "1.0.3",
      "resolved": "https://registry.npmjs.org/convex-hull/-/convex-hull-1.0.3.tgz",
      "integrity": "sha1-IKOqbOh/St6i/30XlxyfwcZ+H/8=",
      "requires": {
        "affine-hull": "^1.0.0",
        "incremental-convex-hull": "^1.0.1",
        "monotone-convex-hull-2d": "^1.0.1"
      }
    },
    "incremental-convex-hull": {
      "version": "1.0.1",
      "resolved": "https://registry.npmjs.org/incremental-convex-hull/-/incremental-convex-hull-1.0.1.tgz",
      "integrity": "sha1-UUKMFMudmmFEv+abKFH7N3M0vh4=",
      "requires": {
        "robust-orientation": "^1.1.2",
        "simplicial-complex": "^1.0.0"
      }
    },
    "monotone-convex-hull-2d": {
      "version": "1.0.1",
      "resolved": "https://registry.npmjs.org/monotone-convex-hull-2d/-/monotone-convex-hull-2d-1.0.1.tgz",
      "integrity": "sha1-R/Xa6t88Sv03dkuqGqh4ekDu4Iw=",
      "requires": {
        "robust-orientation": "^1.1.3"
      }
    },
    "robust-orientation": {
      "version": "1.1.3",
      "resolved": "https://registry.npmjs.org/robust-orientation/-/robust-orientation-1.1.3.tgz",
      "integrity": "sha1-2v9bANO+TmByLw6cAVbvln8cIEk=",
      "requires": {
        "robust-scale": "^1.0.2",
        "robust-subtract": "^1.0.0",
        "robust-sum": "^1.0.0",
        "two-product": "^1.0.2"
      }
    },
    "robust-scale": {
      "version": "1.0.2",
      "resolved": "https://registry.npmjs.org/robust-scale/-/robust-scale-1.0.2.tgz",
      "integrity": "sha1-d1Ey7QlULQKOWLLMecBikLz3jDI=",
      "requires": {
        "two-product": "^1.0.2",
        "two-sum": "^1.0.0"
      }
    },
    "robust-subtract": {
      "version": "1.0.0",
      "resolved": "https://registry.npmjs.org/robust-subtract/-/robust-subtract-1.0.0.tgz",
      "integrity": "sha1-4LFk4e2LpOOl3aRaEgODSNvtPpo="
    },
    "robust-sum": {
      "version": "1.0.0",
      "resolved": "https://registry.npmjs.org/robust-sum/-/robust-sum-1.0.0.tgz",
      "integrity": "sha1-FmRuUlKStNJdgnV6KGlV4Lv6U9k="
    },
    "simplicial-complex": {
      "version": "1.0.0",
      "resolved": "https://registry.npmjs.org/simplicial-complex/-/simplicial-complex-1.0.0.tgz",
      "integrity": "sha1-bDOk7Wn81Nkbe8rdOzC2NoPq4kE=",
      "requires": {
        "bit-twiddle": "^1.0.0",
        "union-find": "^1.0.0"
      }
    },
    "two-product": {
      "version": "1.0.2",
      "resolved": "https://registry.npmjs.org/two-product/-/two-product-1.0.2.tgz",
      "integrity": "sha1-Z9ldSyV6kh4stL16+VEfkIhSLqo="
    },
    "two-sum": {
      "version": "1.0.0",
      "resolved": "https://registry.npmjs.org/two-sum/-/two-sum-1.0.0.tgz",
      "integrity": "sha1-MdPzIjnk9zHsqd+RVeKyl/AIq2Q="
    },
    "union-find": {
      "version": "1.0.2",
      "resolved": "https://registry.npmjs.org/union-find/-/union-find-1.0.2.tgz",
      "integrity": "sha1-KSusQV5q06iVNdI3AQ20pTYoTlg="
    }
  }
}
